
Microsoft Visual Studio Solution File, Format Version 12.00
# Visual Studio Version 17
VisualStudioVersion = 17.11.35327.3
MinimumVisualStudioVersion = 10.0.40219.1
Project("{FAE04EC0-301F-11D3-BF4B-00C04F79EFBC}") = "Ex.01", "Atividades_Condicionais_Heverton\Ex.01.csproj", "{B7626B19-9D66-4682-A87A-633BEE58BA33}"
EndProject
Project("{FAE04EC0-301F-11D3-BF4B-00C04F79EFBC}") = "Ex.02", "Ex.02\Ex.02.csproj", "{C2E2DB5E-D01A-456B-8334-E1CECA42F908}"
EndProject
Project("{FAE04EC0-301F-11D3-BF4B-00C04F79EFBC}") = "Ex.03", "Ex.03\Ex.03.csproj", "{8DF2E731-6ECD-4B1A-825F-DC77DE1B9C16}"
EndProject
Project("{FAE04EC0-301F-11D3-BF4B-00C04F79EFBC}") = "Ex.04", "Ex.04\Ex.04.csproj", "{A02300A2-7FF8-49E3-9E85-DD85710D5140}"
EndProject
Project("{FAE04EC0-301F-11D3-BF4B-00C04F79EFBC}") = "Ex.05", "Ex.05\Ex.05.csproj", "{D6BBDBF3-080E-45C3-9DAD-19125F4343C6}"
EndProject
Project("{FAE04EC0-301F-11D3-BF4B-00C04F79EFBC}") = "Ex.06", "Ex.06\Ex.06.csproj", "{3B0A21A9-3F05-4264-91F1-2D54C57ECDC1}"
EndProject
Project("{FAE04EC0-301F-11D3-BF4B-00C04F79EFBC}") = "Ex.07", "Ex.07\Ex.07.csproj", "{E927B43F-882E-4AC4-B9A0-2C9E067B37CB}"
EndProject
Project("{FAE04EC0-301F-11D3-BF4B-00C04F79EFBC}") = "Ex.08", "Ex.08\Ex.08.csproj", "{E311D3D4-DBA6-456B-8F7D-F32D7ABFF843}"
EndProject
Project("{FAE04EC0-301F-11D3-BF4B-00C04F79EFBC}") = "Ex.09", "Ex.09\Ex.09.csproj", "{902ADD0E-B0BA-4629-BAF5-C57E63FBC1B1}"
EndProject
Project("{FAE04EC0-301F-11D3-BF4B-00C04F79EFBC}") = "Ex.10", "Ex.10\Ex.10.csproj", "{3B90DB4D-97FD-4AF7-84FC-33FB435AE7EB}"
EndProject
Global
	GlobalSection(SolutionConfigurationPlatforms) = preSolution
		Debug|Any CPU = Debug|Any CPU
		Release|Any CPU = Release|Any CPU
	EndGlobalSection
	GlobalSection(ProjectConfigurationPlatforms) = postSolution
		{B7626B19-9D66-4682-A87A-633BEE58BA33}.Debug|Any CPU.ActiveCfg = Debug|Any CPU
		{B7626B19-9D66-4682-A87A-633BEE58BA33}.Debug|Any CPU.Build.0 = Debug|Any CPU
		{B7626B19-9D66-4682-A87A-633BEE58BA33}.Release|Any CPU.ActiveCfg = Release|Any CPU
		{B7626B19-9D66-4682-A87A-633BEE58BA33}.Release|Any CPU.Build.0 = Release|Any CPU
		{C2E2DB5E-D01A-456B-8334-E1CECA42F908}.Debug|Any CPU.ActiveCfg = Debug|Any CPU
		{C2E2DB5E-D01A-456B-8334-E1CECA42F908}.Debug|Any CPU.Build.0 = Debug|Any CPU
		{C2E2DB5E-D01A-456B-8334-E1CECA42F908}.Release|Any CPU.ActiveCfg = Release|Any CPU
		{C2E2DB5E-D01A-456B-8334-E1CECA42F908}.Release|Any CPU.Build.0 = Release|Any CPU
		{8DF2E731-6ECD-4B1A-825F-DC77DE1B9C16}.Debug|Any CPU.ActiveCfg = Debug|Any CPU
		{8DF2E731-6ECD-4B1A-825F-DC77DE1B9C16}.Debug|Any CPU.Build.0 = Debug|Any CPU
		{8DF2E731-6ECD-4B1A-825F-DC77DE1B9C16}.Release|Any CPU.ActiveCfg = Release|Any CPU
		{8DF2E731-6ECD-4B1A-825F-DC77DE1B9C16}.Release|Any CPU.Build.0 = Release|Any CPU
		{A02300A2-7FF8-49E3-9E85-DD85710D5140}.Debug|Any CPU.ActiveCfg = Debug|Any CPU
		{A02300A2-7FF8-49E3-9E85-DD85710D5140}.Debug|Any CPU.Build.0 = Debug|Any CPU
		{A02300A2-7FF8-49E3-9E85-DD85710D5140}.Release|Any CPU.ActiveCfg = Release|Any CPU
		{A02300A2-7FF8-49E3-9E85-DD85710D5140}.Release|Any CPU.Build.0 = Release|Any CPU
		{D6BBDBF3-080E-45C3-9DAD-19125F4343C6}.Debug|Any CPU.ActiveCfg = Debug|Any CPU
		{D6BBDBF3-080E-45C3-9DAD-19125F4343C6}.Debug|Any CPU.Build.0 = Debug|Any CPU
		{D6BBDBF3-080E-45C3-9DAD-19125F4343C6}.Release|Any CPU.ActiveCfg = Release|Any CPU
		{D6BBDBF3-080E-45C3-9DAD-19125F4343C6}.Release|Any CPU.Build.0 = Release|Any CPU
		{3B0A21A9-3F05-4264-91F1-2D54C57ECDC1}.Debug|Any CPU.ActiveCfg = Debug|Any CPU
		{3B0A21A9-3F05-4264-91F1-2D54C57ECDC1}.Debug|Any CPU.Build.0 = Debug|Any CPU
		{3B0A21A9-3F05-4264-91F1-2D54C57ECDC1}.Release|Any CPU.ActiveCfg = Release|Any CPU
		{3B0A21A9-3F05-4264-91F1-2D54C57ECDC1}.Release|Any CPU.Build.0 = Release|Any CPU
		{E927B43F-882E-4AC4-B9A0-2C9E067B37CB}.Debug|Any CPU.ActiveCfg = Debug|Any CPU
		{E927B43F-882E-4AC4-B9A0-2C9E067B37CB}.Debug|Any CPU.Build.0 = Debug|Any CPU
		{E927B43F-882E-4AC4-B9A0-2C9E067B37CB}.Release|Any CPU.ActiveCfg = Release|Any CPU
		{E927B43F-882E-4AC4-B9A0-2C9E067B37CB}.Release|Any CPU.Build.0 = Release|Any CPU
		{E311D3D4-DBA6-456B-8F7D-F32D7ABFF843}.Debug|Any CPU.ActiveCfg = Debug|Any CPU
		{E311D3D4-DBA6-456B-8F7D-F32D7ABFF843}.Debug|Any CPU.Build.0 = Debug|Any CPU
		{E311D3D4-DBA6-456B-8F7D-F32D7ABFF843}.Release|Any CPU.ActiveCfg = Release|Any CPU
		{E311D3D4-DBA6-456B-8F7D-F32D7ABFF843}.Release|Any CPU.Build.0 = Release|Any CPU
		{902ADD0E-B0BA-4629-BAF5-C57E63FBC1B1}.Debug|Any CPU.ActiveCfg = Debug|Any CPU
		{902ADD0E-B0BA-4629-BAF5-C57E63FBC1B1}.Debug|Any CPU.Build.0 = Debug|Any CPU
		{902ADD0E-B0BA-4629-BAF5-C57E63FBC1B1}.Release|Any CPU.ActiveCfg = Release|Any CPU
		{902ADD0E-B0BA-4629-BAF5-C57E63FBC1B1}.Release|Any CPU.Build.0 = Release|Any CPU
		{3B90DB4D-97FD-4AF7-84FC-33FB435AE7EB}.Debug|Any CPU.ActiveCfg = Debug|Any CPU
		{3B90DB4D-97FD-4AF7-84FC-33FB435AE7EB}.Debug|Any CPU.Build.0 = Debug|Any CPU
		{3B90DB4D-97FD-4AF7-84FC-33FB435AE7EB}.Release|Any CPU.ActiveCfg = Release|Any CPU
		{3B90DB4D-97FD-4AF7-84FC-33FB435AE7EB}.Release|Any CPU.Build.0 = Release|Any CPU
	EndGlobalSection
	GlobalSection(SolutionProperties) = preSolution
		HideSolutionNode = FALSE
	EndGlobalSection
	GlobalSection(ExtensibilityGlobals) = postSolution
		SolutionGuid = {35C3A832-4A95-4D32-89C0-A53D30FCDA0A}
	EndGlobalSection
EndGlobal
